
Microsoft Visual Studio Solution File, Format Version 12.00
# Visual Studio Version 17
VisualStudioVersion = 17.4.33205.214
MinimumVisualStudioVersion = 10.0.40219.1
Project("{FAE04EC0-301F-11D3-BF4B-00C04F79EFBC}") = "Smart Home", "Smart Home.csproj", "{B7263C09-4A9F-4ECF-A06E-A49558846DC6}"
EndProject
Project("{FAE04EC0-301F-11D3-BF4B-00C04F79EFBC}") = "Iremoting", "..\Iremoting\Iremoting.csproj", "{DC4A4B7F-1922-4213-94FC-2B3BE03EA00C}"
EndProject
Project("{FAE04EC0-301F-11D3-BF4B-00C04F79EFBC}") = "User", "..\User\User.csproj", "{9B6A7BB8-CFA7-481A-A176-14A0086D567D}"
EndProject
Global
	GlobalSection(SolutionConfigurationPlatforms) = preSolution
		Debug|Any CPU = Debug|Any CPU
		Release|Any CPU = Release|Any CPU
	EndGlobalSection
	GlobalSection(ProjectConfigurationPlatforms) = postSolution
		{B7263C09-4A9F-4ECF-A06E-A49558846DC6}.Debug|Any CPU.ActiveCfg = Debug|Any CPU
		{B7263C09-4A9F-4ECF-A06E-A49558846DC6}.Debug|Any CPU.Build.0 = Debug|Any CPU
		{B7263C09-4A9F-4ECF-A06E-A49558846DC6}.Release|Any CPU.ActiveCfg = Release|Any CPU
		{B7263C09-4A9F-4ECF-A06E-A49558846DC6}.Release|Any CPU.Build.0 = Release|Any CPU
		{DC4A4B7F-1922-4213-94FC-2B3BE03EA00C}.Debug|Any CPU.ActiveCfg = Debug|Any CPU
		{DC4A4B7F-1922-4213-94FC-2B3BE03EA00C}.Debug|Any CPU.Build.0 = Debug|Any CPU
		{DC4A4B7F-1922-4213-94FC-2B3BE03EA00C}.Release|Any CPU.ActiveCfg = Release|Any CPU
		{DC4A4B7F-1922-4213-94FC-2B3BE03EA00C}.Release|Any CPU.Build.0 = Release|Any CPU
		{9B6A7BB8-CFA7-481A-A176-14A0086D567D}.Debug|Any CPU.ActiveCfg = Debug|Any CPU
		{9B6A7BB8-CFA7-481A-A176-14A0086D567D}.Debug|Any CPU.Build.0 = Debug|Any CPU
		{9B6A7BB8-CFA7-481A-A176-14A0086D567D}.Release|Any CPU.ActiveCfg = Release|Any CPU
		{9B6A7BB8-CFA7-481A-A176-14A0086D567D}.Release|Any CPU.Build.0 = Release|Any CPU
	EndGlobalSection
	GlobalSection(SolutionProperties) = preSolution
		HideSolutionNode = FALSE
	EndGlobalSection
	GlobalSection(ExtensibilityGlobals) = postSolution
		SolutionGuid = {2BA677BA-75CC-4471-AF93-C7BA48F12D9A}
	EndGlobalSection
EndGlobal
